// !$*UTF8*$!
{
	archiveVersion = 1;
	classes = {
	};
	objectVersion = 56;
	objects = {

/* Begin PBXBuildFile section */
		F2E10EA82C561D6A00A80E5C /* RunDetailView.swift in Sources */ = {isa = PBXBuildFile; fileRef = F2E10EA72C561D6A00A80E5C /* RunDetailView.swift */; };
		F2E10EAA2C56D99000A80E5C /* TextFormatters.swift in Sources */ = {isa = PBXBuildFile; fileRef = F2E10EA92C56D99000A80E5C /* TextFormatters.swift */; };
		F2EFCE2E2C53123400C89A07 /* Run_TrackerApp.swift in Sources */ = {isa = PBXBuildFile; fileRef = F2EFCE2D2C53123400C89A07 /* Run_TrackerApp.swift */; };
		F2EFCE302C53123400C89A07 /* ContentView.swift in Sources */ = {isa = PBXBuildFile; fileRef = F2EFCE2F2C53123400C89A07 /* ContentView.swift */; };
		F2EFCE322C53123900C89A07 /* Assets.xcassets in Resources */ = {isa = PBXBuildFile; fileRef = F2EFCE312C53123900C89A07 /* Assets.xcassets */; };
		F2EFCE352C53123900C89A07 /* Preview Assets.xcassets in Resources */ = {isa = PBXBuildFile; fileRef = F2EFCE342C53123900C89A07 /* Preview Assets.xcassets */; };
		F2EFCE372C53123900C89A07 /* Persistence.swift in Sources */ = {isa = PBXBuildFile; fileRef = F2EFCE362C53123900C89A07 /* Persistence.swift */; };
		F2EFCE3A2C53123900C89A07 /* Run_Tracker.xcdatamodeld in Sources */ = {isa = PBXBuildFile; fileRef = F2EFCE382C53123900C89A07 /* Run_Tracker.xcdatamodeld */; };
		F2EFCE442C53123900C89A07 /* Run_TrackerTests.swift in Sources */ = {isa = PBXBuildFile; fileRef = F2EFCE432C53123900C89A07 /* Run_TrackerTests.swift */; };
		F2EFCE4E2C53123900C89A07 /* Run_TrackerUITests.swift in Sources */ = {isa = PBXBuildFile; fileRef = F2EFCE4D2C53123900C89A07 /* Run_TrackerUITests.swift */; };
		F2EFCE502C53123900C89A07 /* Run_TrackerUITestsLaunchTests.swift in Sources */ = {isa = PBXBuildFile; fileRef = F2EFCE4F2C53123900C89A07 /* Run_TrackerUITestsLaunchTests.swift */; };
/* End PBXBuildFile section */

/* Begin PBXContainerItemProxy section */
		F2EFCE402C53123900C89A07 /* PBXContainerItemProxy */ = {
			isa = PBXContainerItemProxy;
			containerPortal = F2EFCE222C53123400C89A07 /* Project object */;
			proxyType = 1;
			remoteGlobalIDString = F2EFCE292C53123400C89A07;
			remoteInfo = "Run Tracker";
		};
		F2EFCE4A2C53123900C89A07 /* PBXContainerItemProxy */ = {
			isa = PBXContainerItemProxy;
			containerPortal = F2EFCE222C53123400C89A07 /* Project object */;
			proxyType = 1;
			remoteGlobalIDString = F2EFCE292C53123400C89A07;
			remoteInfo = "Run Tracker";
		};
/* End PBXContainerItemProxy section */

/* Begin PBXFileReference section */
		F2E10EA72C561D6A00A80E5C /* RunDetailView.swift */ = {isa = PBXFileReference; lastKnownFileType = sourcecode.swift; path = RunDetailView.swift; sourceTree = "<group>"; };
		F2E10EA92C56D99000A80E5C /* TextFormatters.swift */ = {isa = PBXFileReference; lastKnownFileType = sourcecode.swift; path = TextFormatters.swift; sourceTree = "<group>"; };
		F2EFCE2A2C53123400C89A07 /* Run Tracker.app */ = {isa = PBXFileReference; explicitFileType = wrapper.application; includeInIndex = 0; path = "Run Tracker.app"; sourceTree = BUILT_PRODUCTS_DIR; };
		F2EFCE2D2C53123400C89A07 /* Run_TrackerApp.swift */ = {isa = PBXFileReference; lastKnownFileType = sourcecode.swift; path = Run_TrackerApp.swift; sourceTree = "<group>"; };
		F2EFCE2F2C53123400C89A07 /* ContentView.swift */ = {isa = PBXFileReference; lastKnownFileType = sourcecode.swift; path = ContentView.swift; sourceTree = "<group>"; };
		F2EFCE312C53123900C89A07 /* Assets.xcassets */ = {isa = PBXFileReference; lastKnownFileType = folder.assetcatalog; path = Assets.xcassets; sourceTree = "<group>"; };
		F2EFCE342C53123900C89A07 /* Preview Assets.xcassets */ = {isa = PBXFileReference; lastKnownFileType = folder.assetcatalog; path = "Preview Assets.xcassets"; sourceTree = "<group>"; };
		F2EFCE362C53123900C89A07 /* Persistence.swift */ = {isa = PBXFileReference; lastKnownFileType = sourcecode.swift; path = Persistence.swift; sourceTree = "<group>"; };
		F2EFCE392C53123900C89A07 /* Run_Tracker.xcdatamodel */ = {isa = PBXFileReference; lastKnownFileType = wrapper.xcdatamodel; path = Run_Tracker.xcdatamodel; sourceTree = "<group>"; };
		F2EFCE3F2C53123900C89A07 /* Run TrackerTests.xctest */ = {isa = PBXFileReference; explicitFileType = wrapper.cfbundle; includeInIndex = 0; path = "Run TrackerTests.xctest"; sourceTree = BUILT_PRODUCTS_DIR; };
		F2EFCE432C53123900C89A07 /* Run_TrackerTests.swift */ = {isa = PBXFileReference; lastKnownFileType = sourcecode.swift; path = Run_TrackerTests.swift; sourceTree = "<group>"; };
		F2EFCE492C53123900C89A07 /* Run TrackerUITests.xctest */ = {isa = PBXFileReference; explicitFileType = wrapper.cfbundle; includeInIndex = 0; path = "Run TrackerUITests.xctest"; sourceTree = BUILT_PRODUCTS_DIR; };
		F2EFCE4D2C53123900C89A07 /* Run_TrackerUITests.swift */ = {isa = PBXFileReference; lastKnownFileType = sourcecode.swift; path = Run_TrackerUITests.swift; sourceTree = "<group>"; };
		F2EFCE4F2C53123900C89A07 /* Run_TrackerUITestsLaunchTests.swift */ = {isa = PBXFileReference; lastKnownFileType = sourcecode.swift; path = Run_TrackerUITestsLaunchTests.swift; sourceTree = "<group>"; };
/* End PBXFileReference section */

/* Begin PBXFrameworksBuildPhase section */
		F2EFCE272C53123400C89A07 /* Frameworks */ = {
			isa = PBXFrameworksBuildPhase;
			buildActionMask = 2147483647;
			files = (
			);
			runOnlyForDeploymentPostprocessing = 0;
		};
		F2EFCE3C2C53123900C89A07 /* Frameworks */ = {
			isa = PBXFrameworksBuildPhase;
			buildActionMask = 2147483647;
			files = (
			);
			runOnlyForDeploymentPostprocessing = 0;
		};
		F2EFCE462C53123900C89A07 /* Frameworks */ = {
			isa = PBXFrameworksBuildPhase;
			buildActionMask = 2147483647;
			files = (
			);
			runOnlyForDeploymentPostprocessing = 0;
		};
/* End PBXFrameworksBuildPhase section */

/* Begin PBXGroup section */
		F2E10EA52C561CED00A80E5C /* Views */ = {
			isa = PBXGroup;
			children = (
				F2EFCE2F2C53123400C89A07 /* ContentView.swift */,
				F2E10EA72C561D6A00A80E5C /* RunDetailView.swift */,
			);
			path = Views;
			sourceTree = "<group>";
		};
		F2E10EA62C561D2A00A80E5C /* Model */ = {
			isa = PBXGroup;
			children = (
				F2EFCE362C53123900C89A07 /* Persistence.swift */,
				F2EFCE382C53123900C89A07 /* Run_Tracker.xcdatamodeld */,
			);
			path = Model;
			sourceTree = "<group>";
		};
		F2E10EAB2C56D99500A80E5C /* Helpers */ = {
			isa = PBXGroup;
			children = (
				F2E10EA92C56D99000A80E5C /* TextFormatters.swift */,
			);
			path = Helpers;
			sourceTree = "<group>";
		};
		F2EFCE212C53123400C89A07 = {
			isa = PBXGroup;
			children = (
				F2EFCE2C2C53123400C89A07 /* Run Tracker */,
				F2EFCE422C53123900C89A07 /* Run TrackerTests */,
				F2EFCE4C2C53123900C89A07 /* Run TrackerUITests */,
				F2EFCE2B2C53123400C89A07 /* Products */,
			);
			sourceTree = "<group>";
		};
		F2EFCE2B2C53123400C89A07 /* Products */ = {
			isa = PBXGroup;
			children = (
				F2EFCE2A2C53123400C89A07 /* Run Tracker.app */,
				F2EFCE3F2C53123900C89A07 /* Run TrackerTests.xctest */,
				F2EFCE492C53123900C89A07 /* Run TrackerUITests.xctest */,
			);
			name = Products;
			sourceTree = "<group>";
		};
		F2EFCE2C2C53123400C89A07 /* Run Tracker */ = {
			isa = PBXGroup;
			children = (
				F2EFCE312C53123900C89A07 /* Assets.xcassets */,
				F2E10EAB2C56D99500A80E5C /* Helpers */,
				F2E10EA62C561D2A00A80E5C /* Model */,
				F2EFCE332C53123900C89A07 /* Preview Content */,
				F2EFCE2D2C53123400C89A07 /* Run_TrackerApp.swift */,
				F2E10EA52C561CED00A80E5C /* Views */,
			);
			path = "Run Tracker";
			sourceTree = "<group>";
		};
		F2EFCE332C53123900C89A07 /* Preview Content */ = {
			isa = PBXGroup;
			children = (
				F2EFCE342C53123900C89A07 /* Preview Assets.xcassets */,
			);
			path = "Preview Content";
			sourceTree = "<group>";
		};
		F2EFCE422C53123900C89A07 /* Run TrackerTests */ = {
			isa = PBXGroup;
			children = (
				F2EFCE432C53123900C89A07 /* Run_TrackerTests.swift */,
			);
			path = "Run TrackerTests";
			sourceTree = "<group>";
		};
		F2EFCE4C2C53123900C89A07 /* Run TrackerUITests */ = {
			isa = PBXGroup;
			children = (
				F2EFCE4D2C53123900C89A07 /* Run_TrackerUITests.swift */,
				F2EFCE4F2C53123900C89A07 /* Run_TrackerUITestsLaunchTests.swift */,
			);
			path = "Run TrackerUITests";
			sourceTree = "<group>";
		};
/* End PBXGroup section */

/* Begin PBXNativeTarget section */
		F2EFCE292C53123400C89A07 /* Run Tracker */ = {
			isa = PBXNativeTarget;
			buildConfigurationList = F2EFCE532C53123900C89A07 /* Build configuration list for PBXNativeTarget "Run Tracker" */;
			buildPhases = (
				F2EFCE262C53123400C89A07 /* Sources */,
				F2EFCE272C53123400C89A07 /* Frameworks */,
				F2EFCE282C53123400C89A07 /* Resources */,
			);
			buildRules = (
			);
			dependencies = (
			);
			name = "Run Tracker";
			productName = "Run Tracker";
			productReference = F2EFCE2A2C53123400C89A07 /* Run Tracker.app */;
			productType = "com.apple.product-type.application";
		};
		F2EFCE3E2C53123900C89A07 /* Run TrackerTests */ = {
			isa = PBXNativeTarget;
			buildConfigurationList = F2EFCE562C53123900C89A07 /* Build configuration list for PBXNativeTarget "Run TrackerTests" */;
			buildPhases = (
				F2EFCE3B2C53123900C89A07 /* Sources */,
				F2EFCE3C2C53123900C89A07 /* Frameworks */,
				F2EFCE3D2C53123900C89A07 /* Resources */,
			);
			buildRules = (
			);
			dependencies = (
				F2EFCE412C53123900C89A07 /* PBXTargetDependency */,
			);
			name = "Run TrackerTests";
			productName = "Run TrackerTests";
			productReference = F2EFCE3F2C53123900C89A07 /* Run TrackerTests.xctest */;
			productType = "com.apple.product-type.bundle.unit-test";
		};
		F2EFCE482C53123900C89A07 /* Run TrackerUITests */ = {
			isa = PBXNativeTarget;
			buildConfigurationList = F2EFCE592C53123900C89A07 /* Build configuration list for PBXNativeTarget "Run TrackerUITests" */;
			buildPhases = (
				F2EFCE452C53123900C89A07 /* Sources */,
				F2EFCE462C53123900C89A07 /* Frameworks */,
				F2EFCE472C53123900C89A07 /* Resources */,
			);
			buildRules = (
			);
			dependencies = (
				F2EFCE4B2C53123900C89A07 /* PBXTargetDependency */,
			);
			name = "Run TrackerUITests";
			productName = "Run TrackerUITests";
			productReference = F2EFCE492C53123900C89A07 /* Run TrackerUITests.xctest */;
			productType = "com.apple.product-type.bundle.ui-testing";
		};
/* End PBXNativeTarget section */

/* Begin PBXProject section */
		F2EFCE222C53123400C89A07 /* Project object */ = {
			isa = PBXProject;
			attributes = {
				BuildIndependentTargetsInParallel = 1;
				LastSwiftUpdateCheck = 1520;
				LastUpgradeCheck = 1520;
				TargetAttributes = {
					F2EFCE292C53123400C89A07 = {
						CreatedOnToolsVersion = 15.2;
					};
					F2EFCE3E2C53123900C89A07 = {
						CreatedOnToolsVersion = 15.2;
						TestTargetID = F2EFCE292C53123400C89A07;
					};
					F2EFCE482C53123900C89A07 = {
						CreatedOnToolsVersion = 15.2;
						TestTargetID = F2EFCE292C53123400C89A07;
					};
				};
			};
			buildConfigurationList = F2EFCE252C53123400C89A07 /* Build configuration list for PBXProject "Run Tracker" */;
			compatibilityVersion = "Xcode 14.0";
			developmentRegion = en;
			hasScannedForEncodings = 0;
			knownRegions = (
				en,
				Base,
			);
			mainGroup = F2EFCE212C53123400C89A07;
			productRefGroup = F2EFCE2B2C53123400C89A07 /* Products */;
			projectDirPath = "";
			projectRoot = "";
			targets = (
				F2EFCE292C53123400C89A07 /* Run Tracker */,
				F2EFCE3E2C53123900C89A07 /* Run TrackerTests */,
				F2EFCE482C53123900C89A07 /* Run TrackerUITests */,
			);
		};
/* End PBXProject section */

/* Begin PBXResourcesBuildPhase section */
		F2EFCE282C53123400C89A07 /* Resources */ = {
			isa = PBXResourcesBuildPhase;
			buildActionMask = 2147483647;
			files = (
				F2EFCE352C53123900C89A07 /* Preview Assets.xcassets in Resources */,
				F2EFCE322C53123900C89A07 /* Assets.xcassets in Resources */,
			);
			runOnlyForDeploymentPostprocessing = 0;
		};
		F2EFCE3D2C53123900C89A07 /* Resources */ = {
			isa = PBXResourcesBuildPhase;
			buildActionMask = 2147483647;
			files = (
			);
			runOnlyForDeploymentPostprocessing = 0;
		};
		F2EFCE472C53123900C89A07 /* Resources */ = {
			isa = PBXResourcesBuildPhase;
			buildActionMask = 2147483647;
			files = (
			);
			runOnlyForDeploymentPostprocessing = 0;
		};
/* End PBXResourcesBuildPhase section */

/* Begin PBXSourcesBuildPhase section */
		F2EFCE262C53123400C89A07 /* Sources */ = {
			isa = PBXSourcesBuildPhase;
			buildActionMask = 2147483647;
			files = (
				F2EFCE3A2C53123900C89A07 /* Run_Tracker.xcdatamodeld in Sources */,
				F2EFCE372C53123900C89A07 /* Persistence.swift in Sources */,
				F2E10EA82C561D6A00A80E5C /* RunDetailView.swift in Sources */,
				F2EFCE302C53123400C89A07 /* ContentView.swift in Sources */,
				F2EFCE2E2C53123400C89A07 /* Run_TrackerApp.swift in Sources */,
				F2E10EAA2C56D99000A80E5C /* TextFormatters.swift in Sources */,
			);
			runOnlyForDeploymentPostprocessing = 0;
		};
		F2EFCE3B2C53123900C89A07 /* Sources */ = {
			isa = PBXSourcesBuildPhase;
			buildActionMask = 2147483647;
			files = (
				F2EFCE442C53123900C89A07 /* Run_TrackerTests.swift in Sources */,
			);
			runOnlyForDeploymentPostprocessing = 0;
		};
		F2EFCE452C53123900C89A07 /* Sources */ = {
			isa = PBXSourcesBuildPhase;
			buildActionMask = 2147483647;
			files = (
				F2EFCE4E2C53123900C89A07 /* Run_TrackerUITests.swift in Sources */,
				F2EFCE502C53123900C89A07 /* Run_TrackerUITestsLaunchTests.swift in Sources */,
			);
			runOnlyForDeploymentPostprocessing = 0;
		};
/* End PBXSourcesBuildPhase section */

/* Begin PBXTargetDependency section */
		F2EFCE412C53123900C89A07 /* PBXTargetDependency */ = {
			isa = PBXTargetDependency;
			target = F2EFCE292C53123400C89A07 /* Run Tracker */;
			targetProxy = F2EFCE402C53123900C89A07 /* PBXContainerItemProxy */;
		};
		F2EFCE4B2C53123900C89A07 /* PBXTargetDependency */ = {
			isa = PBXTargetDependency;
			target = F2EFCE292C53123400C89A07 /* Run Tracker */;
			targetProxy = F2EFCE4A2C53123900C89A07 /* PBXContainerItemProxy */;
		};
/* End PBXTargetDependency section */

/* Begin XCBuildConfiguration section */
		F2EFCE512C53123900C89A07 /* Debug */ = {
			isa = XCBuildConfiguration;
			buildSettings = {
				ALWAYS_SEARCH_USER_PATHS = NO;
				ASSETCATALOG_COMPILER_GENERATE_SWIFT_ASSET_SYMBOL_EXTENSIONS = YES;
				CLANG_ANALYZER_NONNULL = YES;
				CLANG_ANALYZER_NUMBER_OBJECT_CONVERSION = YES_AGGRESSIVE;
				CLANG_CXX_LANGUAGE_STANDARD = "gnu++20";
				CLANG_ENABLE_MODULES = YES;
				CLANG_ENABLE_OBJC_ARC = YES;
				CLANG_ENABLE_OBJC_WEAK = YES;
				CLANG_WARN_BLOCK_CAPTURE_AUTORELEASING = YES;
				CLANG_WARN_BOOL_CONVERSION = YES;
				CLANG_WARN_COMMA = YES;
				CLANG_WARN_CONSTANT_CONVERSION = YES;
				CLANG_WARN_DEPRECATED_OBJC_IMPLEMENTATIONS = YES;
				CLANG_WARN_DIRECT_OBJC_ISA_USAGE = YES_ERROR;
				CLANG_WARN_DOCUMENTATION_COMMENTS = YES;
				CLANG_WARN_EMPTY_BODY = YES;
				CLANG_WARN_ENUM_CONVERSION = YES;
				CLANG_WARN_INFINITE_RECURSION = YES;
				CLANG_WARN_INT_CONVERSION = YES;
				CLANG_WARN_NON_LITERAL_NULL_CONVERSION = YES;
				CLANG_WARN_OBJC_IMPLICIT_RETAIN_SELF = YES;
				CLANG_WARN_OBJC_LITERAL_CONVERSION = YES;
				CLANG_WARN_OBJC_ROOT_CLASS = YES_ERROR;
				CLANG_WARN_QUOTED_INCLUDE_IN_FRAMEWORK_HEADER = YES;
				CLANG_WARN_RANGE_LOOP_ANALYSIS = YES;
				CLANG_WARN_STRICT_PROTOTYPES = YES;
				CLANG_WARN_SUSPICIOUS_MOVE = YES;
				CLANG_WARN_UNGUARDED_AVAILABILITY = YES_AGGRESSIVE;
				CLANG_WARN_UNREACHABLE_CODE = YES;
				CLANG_WARN__DUPLICATE_METHOD_MATCH = YES;
				COPY_PHASE_STRIP = NO;
				DEBUG_INFORMATION_FORMAT = dwarf;
				ENABLE_STRICT_OBJC_MSGSEND = YES;
				ENABLE_TESTABILITY = YES;
				ENABLE_USER_SCRIPT_SANDBOXING = YES;
				GCC_C_LANGUAGE_STANDARD = gnu17;
				GCC_DYNAMIC_NO_PIC = NO;
				GCC_NO_COMMON_BLOCKS = YES;
				GCC_OPTIMIZATION_LEVEL = 0;
				GCC_PREPROCESSOR_DEFINITIONS = (
					"DEBUG=1",
					"$(inherited)",
				);
				GCC_WARN_64_TO_32_BIT_CONVERSION = YES;
				GCC_WARN_ABOUT_RETURN_TYPE = YES_ERROR;
				GCC_WARN_UNDECLARED_SELECTOR = YES;
				GCC_WARN_UNINITIALIZED_AUTOS = YES_AGGRESSIVE;
				GCC_WARN_UNUSED_FUNCTION = YES;
				GCC_WARN_UNUSED_VARIABLE = YES;
				IPHONEOS_DEPLOYMENT_TARGET = 17.2;
				LOCALIZATION_PREFERS_STRING_CATALOGS = YES;
				MTL_ENABLE_DEBUG_INFO = INCLUDE_SOURCE;
				MTL_FAST_MATH = YES;
				ONLY_ACTIVE_ARCH = YES;
				SDKROOT = iphoneos;
				SWIFT_ACTIVE_COMPILATION_CONDITIONS = "DEBUG $(inherited)";
				SWIFT_OPTIMIZATION_LEVEL = "-Onone";
			};
			name = Debug;
		};
		F2EFCE522C53123900C89A07 /* Release */ = {
			isa = XCBuildConfiguration;
			buildSettings = {
				ALWAYS_SEARCH_USER_PATHS = NO;
				ASSETCATALOG_COMPILER_GENERATE_SWIFT_ASSET_SYMBOL_EXTENSIONS = YES;
				CLANG_ANALYZER_NONNULL = YES;
				CLANG_ANALYZER_NUMBER_OBJECT_CONVERSION = YES_AGGRESSIVE;
				CLANG_CXX_LANGUAGE_STANDARD = "gnu++20";
				CLANG_ENABLE_MODULES = YES;
				CLANG_ENABLE_OBJC_ARC = YES;
				CLANG_ENABLE_OBJC_WEAK = YES;
				CLANG_WARN_BLOCK_CAPTURE_AUTORELEASING = YES;
				CLANG_WARN_BOOL_CONVERSION = YES;
				CLANG_WARN_COMMA = YES;
				CLANG_WARN_CONSTANT_CONVERSION = YES;
				CLANG_WARN_DEPRECATED_OBJC_IMPLEMENTATIONS = YES;
				CLANG_WARN_DIRECT_OBJC_ISA_USAGE = YES_ERROR;
				CLANG_WARN_DOCUMENTATION_COMMENTS = YES;
				CLANG_WARN_EMPTY_BODY = YES;
				CLANG_WARN_ENUM_CONVERSION = YES;
				CLANG_WARN_INFINITE_RECURSION = YES;
				CLANG_WARN_INT_CONVERSION = YES;
				CLANG_WARN_NON_LITERAL_NULL_CONVERSION = YES;
				CLANG_WARN_OBJC_IMPLICIT_RETAIN_SELF = YES;
				CLANG_WARN_OBJC_LITERAL_CONVERSION = YES;
				CLANG_WARN_OBJC_ROOT_CLASS = YES_ERROR;
				CLANG_WARN_QUOTED_INCLUDE_IN_FRAMEWORK_HEADER = YES;
				CLANG_WARN_RANGE_LOOP_ANALYSIS = YES;
				CLANG_WARN_STRICT_PROTOTYPES = YES;
				CLANG_WARN_SUSPICIOUS_MOVE = YES;
				CLANG_WARN_UNGUARDED_AVAILABILITY = YES_AGGRESSIVE;
				CLANG_WARN_UNREACHABLE_CODE = YES;
				CLANG_WARN__DUPLICATE_METHOD_MATCH = YES;
				COPY_PHASE_STRIP = NO;
				DEBUG_INFORMATION_FORMAT = "dwarf-with-dsym";
				ENABLE_NS_ASSERTIONS = NO;
				ENABLE_STRICT_OBJC_MSGSEND = YES;
				ENABLE_USER_SCRIPT_SANDBOXING = YES;
				GCC_C_LANGUAGE_STANDARD = gnu17;
				GCC_NO_COMMON_BLOCKS = YES;
				GCC_WARN_64_TO_32_BIT_CONVERSION = YES;
				GCC_WARN_ABOUT_RETURN_TYPE = YES_ERROR;
				GCC_WARN_UNDECLARED_SELECTOR = YES;
				GCC_WARN_UNINITIALIZED_AUTOS = YES_AGGRESSIVE;
				GCC_WARN_UNUSED_FUNCTION = YES;
				GCC_WARN_UNUSED_VARIABLE = YES;
				IPHONEOS_DEPLOYMENT_TARGET = 17.2;
				LOCALIZATION_PREFERS_STRING_CATALOGS = YES;
				MTL_ENABLE_DEBUG_INFO = NO;
				MTL_FAST_MATH = YES;
				SDKROOT = iphoneos;
				SWIFT_COMPILATION_MODE = wholemodule;
				VALIDATE_PRODUCT = YES;
			};
			name = Release;
		};
		F2EFCE542C53123900C89A07 /* Debug */ = {
			isa = XCBuildConfiguration;
			buildSettings = {
				ASSETCATALOG_COMPILER_APPICON_NAME = AppIcon;
				ASSETCATALOG_COMPILER_GLOBAL_ACCENT_COLOR_NAME = AccentColor;
				CODE_SIGN_STYLE = Automatic;
				CURRENT_PROJECT_VERSION = 1;
				DEVELOPMENT_ASSET_PATHS = "\"Run Tracker/Preview Content\"";
				DEVELOPMENT_TEAM = CMZ5VG6TP9;
				ENABLE_PREVIEWS = YES;
				GENERATE_INFOPLIST_FILE = YES;
				INFOPLIST_KEY_UIApplicationSceneManifest_Generation = YES;
				INFOPLIST_KEY_UIApplicationSupportsIndirectInputEvents = YES;
				INFOPLIST_KEY_UILaunchScreen_Generation = YES;
				INFOPLIST_KEY_UISupportedInterfaceOrientations_iPad = "UIInterfaceOrientationPortrait UIInterfaceOrientationPortraitUpsideDown UIInterfaceOrientationLandscapeLeft UIInterfaceOrientationLandscapeRight";
				INFOPLIST_KEY_UISupportedInterfaceOrientations_iPhone = "UIInterfaceOrientationPortrait UIInterfaceOrientationLandscapeLeft UIInterfaceOrientationLandscapeRight";
				LD_RUNPATH_SEARCH_PATHS = (
					"$(inherited)",
					"@executable_path/Frameworks",
				);
				MARKETING_VERSION = 1.0;
				PRODUCT_BUNDLE_IDENTIFIER = "jjones.Run-Tracker";
				PRODUCT_NAME = "$(TARGET_NAME)";
				SWIFT_EMIT_LOC_STRINGS = YES;
				SWIFT_VERSION = 5.0;
				TARGETED_DEVICE_FAMILY = "1,2";
			};
			name = Debug;
		};
		F2EFCE552C53123900C89A07 /* Release */ = {
			isa = XCBuildConfiguration;
			buildSettings = {
				ASSETCATALOG_COMPILER_APPICON_NAME = AppIcon;
				ASSETCATALOG_COMPILER_GLOBAL_ACCENT_COLOR_NAME = AccentColor;
				CODE_SIGN_STYLE = Automatic;
				CURRENT_PROJECT_VERSION = 1;
				DEVELOPMENT_ASSET_PATHS = "\"Run Tracker/Preview Content\"";
				DEVELOPMENT_TEAM = CMZ5VG6TP9;
				ENABLE_PREVIEWS = YES;
				GENERATE_INFOPLIST_FILE = YES;
				INFOPLIST_KEY_UIApplicationSceneManifest_Generation = YES;
				INFOPLIST_KEY_UIApplicationSupportsIndirectInputEvents = YES;
				INFOPLIST_KEY_UILaunchScreen_Generation = YES;
				INFOPLIST_KEY_UISupportedInterfaceOrientations_iPad = "UIInterfaceOrientationPortrait UIInterfaceOrientationPortraitUpsideDown UIInterfaceOrientationLandscapeLeft UIInterfaceOrientationLandscapeRight";
				INFOPLIST_KEY_UISupportedInterfaceOrientations_iPhone = "UIInterfaceOrientationPortrait UIInterfaceOrientationLandscapeLeft UIInterfaceOrientationLandscapeRight";
				LD_RUNPATH_SEARCH_PATHS = (
					"$(inherited)",
					"@executable_path/Frameworks",
				);
				MARKETING_VERSION = 1.0;
				PRODUCT_BUNDLE_IDENTIFIER = "jjones.Run-Tracker";
				PRODUCT_NAME = "$(TARGET_NAME)";
				SWIFT_EMIT_LOC_STRINGS = YES;
				SWIFT_VERSION = 5.0;
				TARGETED_DEVICE_FAMILY = "1,2";
			};
			name = Release;
		};
		F2EFCE572C53123900C89A07 /* Debug */ = {
			isa = XCBuildConfiguration;
			buildSettings = {
				ALWAYS_EMBED_SWIFT_STANDARD_LIBRARIES = YES;
				BUNDLE_LOADER = "$(TEST_HOST)";
				CODE_SIGN_STYLE = Automatic;
				CURRENT_PROJECT_VERSION = 1;
				DEVELOPMENT_TEAM = CMZ5VG6TP9;
				GENERATE_INFOPLIST_FILE = YES;
				IPHONEOS_DEPLOYMENT_TARGET = 17.2;
				MARKETING_VERSION = 1.0;
				PRODUCT_BUNDLE_IDENTIFIER = "jjones.Run-TrackerTests";
				PRODUCT_NAME = "$(TARGET_NAME)";
				SWIFT_EMIT_LOC_STRINGS = NO;
				SWIFT_VERSION = 5.0;
				TARGETED_DEVICE_FAMILY = "1,2";
				TEST_HOST = "$(BUILT_PRODUCTS_DIR)/Run Tracker.app/$(BUNDLE_EXECUTABLE_FOLDER_PATH)/Run Tracker";
			};
			name = Debug;
		};
		F2EFCE582C53123900C89A07 /* Release */ = {
			isa = XCBuildConfiguration;
			buildSettings = {
				ALWAYS_EMBED_SWIFT_STANDARD_LIBRARIES = YES;
				BUNDLE_LOADER = "$(TEST_HOST)";
				CODE_SIGN_STYLE = Automatic;
				CURRENT_PROJECT_VERSION = 1;
				DEVELOPMENT_TEAM = CMZ5VG6TP9;
				GENERATE_INFOPLIST_FILE = YES;
				IPHONEOS_DEPLOYMENT_TARGET = 17.2;
				MARKETING_VERSION = 1.0;
				PRODUCT_BUNDLE_IDENTIFIER = "jjones.Run-TrackerTests";
				PRODUCT_NAME = "$(TARGET_NAME)";
				SWIFT_EMIT_LOC_STRINGS = NO;
				SWIFT_VERSION = 5.0;
				TARGETED_DEVICE_FAMILY = "1,2";
				TEST_HOST = "$(BUILT_PRODUCTS_DIR)/Run Tracker.app/$(BUNDLE_EXECUTABLE_FOLDER_PATH)/Run Tracker";
			};
			name = Release;
		};
		F2EFCE5A2C53123900C89A07 /* Debug */ = {
			isa = XCBuildConfiguration;
			buildSettings = {
				ALWAYS_EMBED_SWIFT_STANDARD_LIBRARIES = YES;
				CODE_SIGN_STYLE = Automatic;
				CURRENT_PROJECT_VERSION = 1;
				DEVELOPMENT_TEAM = CMZ5VG6TP9;
				GENERATE_INFOPLIST_FILE = YES;
				MARKETING_VERSION = 1.0;
				PRODUCT_BUNDLE_IDENTIFIER = "jjones.Run-TrackerUITests";
				PRODUCT_NAME = "$(TARGET_NAME)";
				SWIFT_EMIT_LOC_STRINGS = NO;
				SWIFT_VERSION = 5.0;
				TARGETED_DEVICE_FAMILY = "1,2";
				TEST_TARGET_NAME = "Run Tracker";
			};
			name = Debug;
		};
		F2EFCE5B2C53123900C89A07 /* Release */ = {
			isa = XCBuildConfiguration;
			buildSettings = {
				ALWAYS_EMBED_SWIFT_STANDARD_LIBRARIES = YES;
				CODE_SIGN_STYLE = Automatic;
				CURRENT_PROJECT_VERSION = 1;
				DEVELOPMENT_TEAM = CMZ5VG6TP9;
				GENERATE_INFOPLIST_FILE = YES;
				MARKETING_VERSION = 1.0;
				PRODUCT_BUNDLE_IDENTIFIER = "jjones.Run-TrackerUITests";
				PRODUCT_NAME = "$(TARGET_NAME)";
				SWIFT_EMIT_LOC_STRINGS = NO;
				SWIFT_VERSION = 5.0;
				TARGETED_DEVICE_FAMILY = "1,2";
				TEST_TARGET_NAME = "Run Tracker";
			};
			name = Release;
		};
/* End XCBuildConfiguration section */

/* Begin XCConfigurationList section */
		F2EFCE252C53123400C89A07 /* Build configuration list for PBXProject "Run Tracker" */ = {
			isa = XCConfigurationList;
			buildConfigurations = (
				F2EFCE512C53123900C89A07 /* Debug */,
				F2EFCE522C53123900C89A07 /* Release */,
			);
			defaultConfigurationIsVisible = 0;
			defaultConfigurationName = Release;
		};
		F2EFCE532C53123900C89A07 /* Build configuration list for PBXNativeTarget "Run Tracker" */ = {
			isa = XCConfigurationList;
			buildConfigurations = (
				F2EFCE542C53123900C89A07 /* Debug */,
				F2EFCE552C53123900C89A07 /* Release */,
			);
			defaultConfigurationIsVisible = 0;
			defaultConfigurationName = Release;
		};
		F2EFCE562C53123900C89A07 /* Build configuration list for PBXNativeTarget "Run TrackerTests" */ = {
			isa = XCConfigurationList;
			buildConfigurations = (
				F2EFCE572C53123900C89A07 /* Debug */,
				F2EFCE582C53123900C89A07 /* Release */,
			);
			defaultConfigurationIsVisible = 0;
			defaultConfigurationName = Release;
		};
		F2EFCE592C53123900C89A07 /* Build configuration list for PBXNativeTarget "Run TrackerUITests" */ = {
			isa = XCConfigurationList;
			buildConfigurations = (
				F2EFCE5A2C53123900C89A07 /* Debug */,
				F2EFCE5B2C53123900C89A07 /* Release */,
			);
			defaultConfigurationIsVisible = 0;
			defaultConfigurationName = Release;
		};
/* End XCConfigurationList section */

/* Begin XCVersionGroup section */
		F2EFCE382C53123900C89A07 /* Run_Tracker.xcdatamodeld */ = {
			isa = XCVersionGroup;
			children = (
				F2EFCE392C53123900C89A07 /* Run_Tracker.xcdatamodel */,
			);
			currentVersion = F2EFCE392C53123900C89A07 /* Run_Tracker.xcdatamodel */;
			path = Run_Tracker.xcdatamodeld;
			sourceTree = "<group>";
			versionGroupType = wrapper.xcdatamodel;
		};
/* End XCVersionGroup section */
	};
	rootObject = F2EFCE222C53123400C89A07 /* Project object */;
}
